{
  "name": "fotbal",
  "lockfileVersion": 3,
  "requires": true,
  "packages": {
    "": {
      "dependencies": {
        "bootswatch": "^5.3.7",
        "tinymce": "^8.1.2"
      }
    },
    "node_modules/bootswatch": {
      "version": "5.3.7",
      "resolved": "https://registry.npmjs.org/bootswatch/-/bootswatch-5.3.7.tgz",
      "integrity": "sha512-n0X99+Jmpmd4vgkli5KwMOuAkgdyUPhq7cIAwoGXbM6WhE/mmkWACfxpr7WZeG9Pdx509Ndi+2K1HlzXXOr8/Q==",
      "license": "MIT"
    },
    "node_modules/tinymce": {
      "version": "8.1.2",
      "resolved": "https://registry.npmjs.org/tinymce/-/tinymce-8.1.2.tgz",
      "integrity": "sha512-KITxHEEHRlxC5xOnxA123eAJ67NgsWxNphtItWt9TRu07DiTZrWIqJeIKRX9euE51/l3kJO4WQiqoBXKTJJGsA==",
      "license": "GPL-2.0-or-later"
    }
  }
}
